// !$*UTF8*$!
{
	archiveVersion = 1;
	classes = {
	};
	objectVersion = 48;
	objects = {

/* Begin PBXBuildFile section */
		35355562200EA3D50073CE61 /* AppDelegate.m in Sources */ = {isa = PBXBuildFile; fileRef = 35355561200EA3D50073CE61 /* AppDelegate.m */; };
		35355565200EA3D50073CE61 /* ViewController.m in Sources */ = {isa = PBXBuildFile; fileRef = 35355564200EA3D50073CE61 /* ViewController.m */; };
		35355568200EA3D50073CE61 /* Main.storyboard in Resources */ = {isa = PBXBuildFile; fileRef = 35355566200EA3D50073CE61 /* Main.storyboard */; };
		3535556A200EA3D50073CE61 /* Assets.xcassets in Resources */ = {isa = PBXBuildFile; fileRef = 35355569200EA3D50073CE61 /* Assets.xcassets */; };
		3535556D200EA3D50073CE61 /* LaunchScreen.storyboard in Resources */ = {isa = PBXBuildFile; fileRef = 3535556B200EA3D50073CE61 /* LaunchScreen.storyboard */; };
		35355570200EA3D50073CE61 /* main.m in Sources */ = {isa = PBXBuildFile; fileRef = 3535556F200EA3D50073CE61 /* main.m */; };
		353555BF200F91B70073CE61 /* settingsViewController.m in Sources */ = {isa = PBXBuildFile; fileRef = 353555BE200F91B70073CE61 /* settingsViewController.m */; };
		353555E4201262770073CE61 /* gameViewController.m in Sources */ = {isa = PBXBuildFile; fileRef = 353555E3201262770073CE61 /* gameViewController.m */; };
		353555E7201526760073CE61 /* PortfolioViewController.m in Sources */ = {isa = PBXBuildFile; fileRef = 353555E6201526760073CE61 /* PortfolioViewController.m */; };
/* End PBXBuildFile section */

/* Begin PBXFileReference section */
		3535555D200EA3D50073CE61 /* Labb1_Georgios.app */ = {isa = PBXFileReference; explicitFileType = wrapper.application; includeInIndex = 0; path = Labb1_Georgios.app; sourceTree = BUILT_PRODUCTS_DIR; };
		35355560200EA3D50073CE61 /* AppDelegate.h */ = {isa = PBXFileReference; lastKnownFileType = sourcecode.c.h; path = AppDelegate.h; sourceTree = "<group>"; };
		35355561200EA3D50073CE61 /* AppDelegate.m */ = {isa = PBXFileReference; lastKnownFileType = sourcecode.c.objc; path = AppDelegate.m; sourceTree = "<group>"; };
		35355563200EA3D50073CE61 /* ViewController.h */ = {isa = PBXFileReference; lastKnownFileType = sourcecode.c.h; path = ViewController.h; sourceTree = "<group>"; };
		35355564200EA3D50073CE61 /* ViewController.m */ = {isa = PBXFileReference; lastKnownFileType = sourcecode.c.objc; path = ViewController.m; sourceTree = "<group>"; };
		35355567200EA3D50073CE61 /* Base */ = {isa = PBXFileReference; lastKnownFileType = file.storyboard; name = Base; path = Base.lproj/Main.storyboard; sourceTree = "<group>"; };
		35355569200EA3D50073CE61 /* Assets.xcassets */ = {isa = PBXFileReference; lastKnownFileType = folder.assetcatalog; path = Assets.xcassets; sourceTree = "<group>"; };
		3535556C200EA3D50073CE61 /* Base */ = {isa = PBXFileReference; lastKnownFileType = file.storyboard; name = Base; path = Base.lproj/LaunchScreen.storyboard; sourceTree = "<group>"; };
		3535556E200EA3D50073CE61 /* Info.plist */ = {isa = PBXFileReference; lastKnownFileType = text.plist.xml; path = Info.plist; sourceTree = "<group>"; };
		3535556F200EA3D50073CE61 /* main.m */ = {isa = PBXFileReference; lastKnownFileType = sourcecode.c.objc; path = main.m; sourceTree = "<group>"; };
		353555BD200F91B70073CE61 /* settingsViewController.h */ = {isa = PBXFileReference; lastKnownFileType = sourcecode.c.h; path = settingsViewController.h; sourceTree = "<group>"; };
		353555BE200F91B70073CE61 /* settingsViewController.m */ = {isa = PBXFileReference; lastKnownFileType = sourcecode.c.objc; path = settingsViewController.m; sourceTree = "<group>"; };
		353555E2201262770073CE61 /* gameViewController.h */ = {isa = PBXFileReference; lastKnownFileType = sourcecode.c.h; path = gameViewController.h; sourceTree = "<group>"; };
		353555E3201262770073CE61 /* gameViewController.m */ = {isa = PBXFileReference; lastKnownFileType = sourcecode.c.objc; path = gameViewController.m; sourceTree = "<group>"; };
		353555E5201526760073CE61 /* PortfolioViewController.h */ = {isa = PBXFileReference; lastKnownFileType = sourcecode.c.h; path = PortfolioViewController.h; sourceTree = "<group>"; };
		353555E6201526760073CE61 /* PortfolioViewController.m */ = {isa = PBXFileReference; lastKnownFileType = sourcecode.c.objc; path = PortfolioViewController.m; sourceTree = "<group>"; };
/* End PBXFileReference section */

/* Begin PBXFrameworksBuildPhase section */
		3535555A200EA3D50073CE61 /* Frameworks */ = {
			isa = PBXFrameworksBuildPhase;
			buildActionMask = 2147483647;
			files = (
			);
			runOnlyForDeploymentPostprocessing = 0;
		};
/* End PBXFrameworksBuildPhase section */

/* Begin PBXGroup section */
		35355554200EA3D50073CE61 = {
			isa = PBXGroup;
			children = (
				3535555F200EA3D50073CE61 /* Labb1_Georgios */,
				3535555E200EA3D50073CE61 /* Products */,
			);
			sourceTree = "<group>";
		};
		3535555E200EA3D50073CE61 /* Products */ = {
			isa = PBXGroup;
			children = (
				3535555D200EA3D50073CE61 /* Labb1_Georgios.app */,
			);
			name = Products;
			sourceTree = "<group>";
		};
		3535555F200EA3D50073CE61 /* Labb1_Georgios */ = {
			isa = PBXGroup;
			children = (
				35355560200EA3D50073CE61 /* AppDelegate.h */,
				35355561200EA3D50073CE61 /* AppDelegate.m */,
				35355563200EA3D50073CE61 /* ViewController.h */,
				35355564200EA3D50073CE61 /* ViewController.m */,
				35355566200EA3D50073CE61 /* Main.storyboard */,
				353555E5201526760073CE61 /* PortfolioViewController.h */,
				353555E6201526760073CE61 /* PortfolioViewController.m */,
				353555E2201262770073CE61 /* gameViewController.h */,
				353555E3201262770073CE61 /* gameViewController.m */,
				353555BD200F91B70073CE61 /* settingsViewController.h */,
				353555BE200F91B70073CE61 /* settingsViewController.m */,
				35355569200EA3D50073CE61 /* Assets.xcassets */,
				3535556B200EA3D50073CE61 /* LaunchScreen.storyboard */,
				3535556E200EA3D50073CE61 /* Info.plist */,
				3535556F200EA3D50073CE61 /* main.m */,
			);
			path = Labb1_Georgios;
			sourceTree = "<group>";
		};
/* End PBXGroup section */

/* Begin PBXNativeTarget section */
		3535555C200EA3D50073CE61 /* Labb1_Georgios */ = {
			isa = PBXNativeTarget;
			buildConfigurationList = 35355573200EA3D50073CE61 /* Build configuration list for PBXNativeTarget "Labb1_Georgios" */;
			buildPhases = (
				35355559200EA3D50073CE61 /* Sources */,
				3535555A200EA3D50073CE61 /* Frameworks */,
				3535555B200EA3D50073CE61 /* Resources */,
			);
			buildRules = (
			);
			dependencies = (
			);
			name = Labb1_Georgios;
			productName = Labb1_Georgios;
			productReference = 3535555D200EA3D50073CE61 /* Labb1_Georgios.app */;
			productType = "com.apple.product-type.application";
		};
/* End PBXNativeTarget section */

/* Begin PBXProject section */
		35355555200EA3D50073CE61 /* Project object */ = {
			isa = PBXProject;
			attributes = {
				LastUpgradeCheck = 0910;
				ORGANIZATIONNAME = Georgios;
				TargetAttributes = {
					3535555C200EA3D50073CE61 = {
						CreatedOnToolsVersion = 9.1;
						ProvisioningStyle = Automatic;
					};
				};
			};
			buildConfigurationList = 35355558200EA3D50073CE61 /* Build configuration list for PBXProject "Labb1_Georgios" */;
			compatibilityVersion = "Xcode 8.0";
			developmentRegion = en;
			hasScannedForEncodings = 0;
			knownRegions = (
				en,
				Base,
			);
			mainGroup = 35355554200EA3D50073CE61;
			productRefGroup = 3535555E200EA3D50073CE61 /* Products */;
			projectDirPath = "";
			projectRoot = "";
			targets = (
				3535555C200EA3D50073CE61 /* Labb1_Georgios */,
			);
		};
/* End PBXProject section */

/* Begin PBXResourcesBuildPhase section */
		3535555B200EA3D50073CE61 /* Resources */ = {
			isa = PBXResourcesBuildPhase;
			buildActionMask = 2147483647;
			files = (
				3535556D200EA3D50073CE61 /* LaunchScreen.storyboard in Resources */,
				3535556A200EA3D50073CE61 /* Assets.xcassets in Resources */,
				35355568200EA3D50073CE61 /* Main.storyboard in Resources */,
			);
			runOnlyForDeploymentPostprocessing = 0;
		};
/* End PBXResourcesBuildPhase section */

/* Begin PBXSourcesBuildPhase section */
		35355559200EA3D50073CE61 /* Sources */ = {
			isa = PBXSourcesBuildPhase;
			buildActionMask = 2147483647;
			files = (
				353555E4201262770073CE61 /* gameViewController.m in Sources */,
				353555E7201526760073CE61 /* PortfolioViewController.m in Sources */,
				35355565200EA3D50073CE61 /* ViewController.m in Sources */,
				35355570200EA3D50073CE61 /* main.m in Sources */,
				35355562200EA3D50073CE61 /* AppDelegate.m in Sources */,
				353555BF200F91B70073CE61 /* settingsViewController.m in Sources */,
			);
			runOnlyForDeploymentPostprocessing = 0;
		};
/* End PBXSourcesBuildPhase section */

/* Begin PBXVariantGroup section */
		35355566200EA3D50073CE61 /* Main.storyboard */ = {
			isa = PBXVariantGroup;
			children = (
				35355567200EA3D50073CE61 /* Base */,
			);
			name = Main.storyboard;
			sourceTree = "<group>";
		};
		3535556B200EA3D50073CE61 /* LaunchScreen.storyboard */ = {
			isa = PBXVariantGroup;
			children = (
				3535556C200EA3D50073CE61 /* Base */,
			);
			name = LaunchScreen.storyboard;
			sourceTree = "<group>";
		};
/* End PBXVariantGroup section */

/* Begin XCBuildConfiguration section */
		35355571200EA3D50073CE61 /* Debug */ = {
			isa = XCBuildConfiguration;
			buildSettings = {
				ALWAYS_SEARCH_USER_PATHS = NO;
				CLANG_ANALYZER_NONNULL = YES;
				CLANG_ANALYZER_NUMBER_OBJECT_CONVERSION = YES_AGGRESSIVE;
				CLANG_CXX_LANGUAGE_STANDARD = "gnu++14";
				CLANG_CXX_LIBRARY = "libc++";
				CLANG_ENABLE_MODULES = YES;
				CLANG_ENABLE_OBJC_ARC = YES;
				CLANG_WARN_BLOCK_CAPTURE_AUTORELEASING = YES;
				CLANG_WARN_BOOL_CONVERSION = YES;
				CLANG_WARN_COMMA = YES;
				CLANG_WARN_CONSTANT_CONVERSION = YES;
				CLANG_WARN_DIRECT_OBJC_ISA_USAGE = YES_ERROR;
				CLANG_WARN_DOCUMENTATION_COMMENTS = YES;
				CLANG_WARN_EMPTY_BODY = YES;
				CLANG_WARN_ENUM_CONVERSION = YES;
				CLANG_WARN_INFINITE_RECURSION = YES;
				CLANG_WARN_INT_CONVERSION = YES;
				CLANG_WARN_NON_LITERAL_NULL_CONVERSION = YES;
				CLANG_WARN_OBJC_LITERAL_CONVERSION = YES;
				CLANG_WARN_OBJC_ROOT_CLASS = YES_ERROR;
				CLANG_WARN_RANGE_LOOP_ANALYSIS = YES;
				CLANG_WARN_STRICT_PROTOTYPES = YES;
				CLANG_WARN_SUSPICIOUS_MOVE = YES;
				CLANG_WARN_UNGUARDED_AVAILABILITY = YES_AGGRESSIVE;
				CLANG_WARN_UNREACHABLE_CODE = YES;
				CLANG_WARN__DUPLICATE_METHOD_MATCH = YES;
				CODE_SIGN_IDENTITY = "iPhone Developer";
				COPY_PHASE_STRIP = NO;
				DEBUG_INFORMATION_FORMAT = dwarf;
				ENABLE_STRICT_OBJC_MSGSEND = YES;
				ENABLE_TESTABILITY = YES;
				GCC_C_LANGUAGE_STANDARD = gnu11;
				GCC_DYNAMIC_NO_PIC = NO;
				GCC_NO_COMMON_BLOCKS = YES;
				GCC_OPTIMIZATION_LEVEL = 0;
				GCC_PREPROCESSOR_DEFINITIONS = (
					"DEBUG=1",
					"$(inherited)",
				);
				GCC_WARN_64_TO_32_BIT_CONVERSION = YES;
				GCC_WARN_ABOUT_RETURN_TYPE = YES_ERROR;
				GCC_WARN_UNDECLARED_SELECTOR = YES;
				GCC_WARN_UNINITIALIZED_AUTOS = YES_AGGRESSIVE;
				GCC_WARN_UNUSED_FUNCTION = YES;
				GCC_WARN_UNUSED_VARIABLE = YES;
				IPHONEOS_DEPLOYMENT_TARGET = 11.1;
				MTL_ENABLE_DEBUG_INFO = YES;
				ONLY_ACTIVE_ARCH = YES;
				SDKROOT = iphoneos;
			};
			name = Debug;
		};
		35355572200EA3D50073CE61 /* Release */ = {
			isa = XCBuildConfiguration;
			buildSettings = {
				ALWAYS_SEARCH_USER_PATHS = NO;
				CLANG_ANALYZER_NONNULL = YES;
				CLANG_ANALYZER_NUMBER_OBJECT_CONVERSION = YES_AGGRESSIVE;
				CLANG_CXX_LANGUAGE_STANDARD = "gnu++14";
				CLANG_CXX_LIBRARY = "libc++";
				CLANG_ENABLE_MODULES = YES;
				CLANG_ENABLE_OBJC_ARC = YES;
				CLANG_WARN_BLOCK_CAPTURE_AUTORELEASING = YES;
				CLANG_WARN_BOOL_CONVERSION = YES;
				CLANG_WARN_COMMA = YES;
				CLANG_WARN_CONSTANT_CONVERSION = YES;
				CLANG_WARN_DIRECT_OBJC_ISA_USAGE = YES_ERROR;
				CLANG_WARN_DOCUMENTATION_COMMENTS = YES;
				CLANG_WARN_EMPTY_BODY = YES;
				CLANG_WARN_ENUM_CONVERSION = YES;
				CLANG_WARN_INFINITE_RECURSION = YES;
				CLANG_WARN_INT_CONVERSION = YES;
				CLANG_WARN_NON_LITERAL_NULL_CONVERSION = YES;
				CLANG_WARN_OBJC_LITERAL_CONVERSION = YES;
				CLANG_WARN_OBJC_ROOT_CLASS = YES_ERROR;
				CLANG_WARN_RANGE_LOOP_ANALYSIS = YES;
				CLANG_WARN_STRICT_PROTOTYPES = YES;
				CLANG_WARN_SUSPICIOUS_MOVE = YES;
				CLANG_WARN_UNGUARDED_AVAILABILITY = YES_AGGRESSIVE;
				CLANG_WARN_UNREACHABLE_CODE = YES;
				CLANG_WARN__DUPLICATE_METHOD_MATCH = YES;
				CODE_SIGN_IDENTITY = "iPhone Developer";
				COPY_PHASE_STRIP = NO;
				DEBUG_INFORMATION_FORMAT = "dwarf-with-dsym";
				ENABLE_NS_ASSERTIONS = NO;
				ENABLE_STRICT_OBJC_MSGSEND = YES;
				GCC_C_LANGUAGE_STANDARD = gnu11;
				GCC_NO_COMMON_BLOCKS = YES;
				GCC_WARN_64_TO_32_BIT_CONVERSION = YES;
				GCC_WARN_ABOUT_RETURN_TYPE = YES_ERROR;
				GCC_WARN_UNDECLARED_SELECTOR = YES;
				GCC_WARN_UNINITIALIZED_AUTOS = YES_AGGRESSIVE;
				GCC_WARN_UNUSED_FUNCTION = YES;
				GCC_WARN_UNUSED_VARIABLE = YES;
				IPHONEOS_DEPLOYMENT_TARGET = 11.1;
				MTL_ENABLE_DEBUG_INFO = NO;
				SDKROOT = iphoneos;
				VALIDATE_PRODUCT = YES;
			};
			name = Release;
		};
		35355574200EA3D50073CE61 /* Debug */ = {
			isa = XCBuildConfiguration;
			buildSettings = {
				ASSETCATALOG_COMPILER_APPICON_NAME = AppIcon;
				CODE_SIGN_STYLE = Automatic;
				INFOPLIST_FILE = Labb1_Georgios/Info.plist;
				LD_RUNPATH_SEARCH_PATHS = "$(inherited) @executable_path/Frameworks";
				PRODUCT_BUNDLE_IDENTIFIER = "GA.Labb1-Georgios";
				PRODUCT_NAME = "$(TARGET_NAME)";
				TARGETED_DEVICE_FAMILY = "1,2";
			};
			name = Debug;
		};
		35355575200EA3D50073CE61 /* Release */ = {
			isa = XCBuildConfiguration;
			buildSettings = {
				ASSETCATALOG_COMPILER_APPICON_NAME = AppIcon;
				CODE_SIGN_STYLE = Automatic;
				INFOPLIST_FILE = Labb1_Georgios/Info.plist;
				LD_RUNPATH_SEARCH_PATHS = "$(inherited) @executable_path/Frameworks";
				PRODUCT_BUNDLE_IDENTIFIER = "GA.Labb1-Georgios";
				PRODUCT_NAME = "$(TARGET_NAME)";
				TARGETED_DEVICE_FAMILY = "1,2";
			};
			name = Release;
		};
/* End XCBuildConfiguration section */

/* Begin XCConfigurationList section */
		35355558200EA3D50073CE61 /* Build configuration list for PBXProject "Labb1_Georgios" */ = {
			isa = XCConfigurationList;
			buildConfigurations = (
				35355571200EA3D50073CE61 /* Debug */,
				35355572200EA3D50073CE61 /* Release */,
			);
			defaultConfigurationIsVisible = 0;
			defaultConfigurationName = Release;
		};
		35355573200EA3D50073CE61 /* Build configuration list for PBXNativeTarget "Labb1_Georgios" */ = {
			isa = XCConfigurationList;
			buildConfigurations = (
				35355574200EA3D50073CE61 /* Debug */,
				35355575200EA3D50073CE61 /* Release */,
			);
			defaultConfigurationIsVisible = 0;
			defaultConfigurationName = Release;
		};
/* End XCConfigurationList section */
	};
	rootObject = 35355555200EA3D50073CE61 /* Project object */;
}
